<Solution>
  <Folder Name="/Samples/">
    <Project Path="samples/Workable.SampleHost/Workable.SampleHost.csproj" />
  </Folder>
  <Folder Name="/Tests/">
    <Project Path="src/Workable.PerformanceHarness/Workable.PerformanceHarness.csproj" />
    <Project Path="tests/Workable.Tests/Workable.Tests.csproj" />
  </Folder>
  <Folder Name="/Integrations/SqlServer/">
    <Project Path="integrations/sqlserver/src/Workable.SqlServer/Workable.SqlServer.csproj" />
    <Project Path="integrations/sqlserver/tests/Workable.SqlServer.Tests/Workable.SqlServer.Tests.csproj" />
    <Project Path="integrations/sqlserver/tools/Workable.SqlServer.Cli/Workable.SqlServer.Cli.csproj" />
    <File Path="integrations/sqlserver/README.md" />
  </Folder>
  <Folder Name="/Solution Items/">
    <File Path=".editorconfig" />
    <File Path="README.md" />
  </Folder>
  <Folder Name="/Docs/">
    <File Path="docs/README.md" />
  </Folder>
  <Folder Name="/Docs/Adapters/">
    <File Path="docs/adapters/http-api.md" />
    <File Path="docs/adapters/mcp.md" />
    <File Path="docs/adapters/realtime.md" />
  </Folder>
  <Folder Name="/Docs/Concepts/">
    <File Path="docs/concepts/abstractions-extension-points.md" />
    <File Path="docs/concepts/abstractions-surface.md" />
    <File Path="docs/concepts/aspnetcore-integration.md" />
    <File Path="docs/concepts/authorization.md" />
    <File Path="docs/concepts/core-api-surface.md" />
    <File Path="docs/concepts/diagnostics.md" />
    <File Path="docs/concepts/execution-engine.md" />
    <File Path="docs/concepts/lifecycle.md" />
    <File Path="docs/concepts/observability.md" />
    <File Path="docs/concepts/outcomes-and-control.md" />
    <File Path="docs/concepts/profiling.md" />
    <File Path="docs/concepts/project-structure.md" />
    <File Path="docs/concepts/querying.md" />
    <File Path="docs/concepts/views.md" />
  </Folder>
  <Folder Name="/Docs/Guides/">
    <File Path="docs/guides/entra-authentication.md" />
    <File Path="docs/guides/getting-started.md" />
    <File Path="docs/guides/queueing.md" />
    <File Path="docs/guides/registration.md" />
  </Folder>
  <Folder Name="/Docs/Guides/Configuration/">
    <File Path="docs/guides/configuration/README.md" />
    <File Path="docs/guides/configuration/concurrency.md" />
    <File Path="docs/guides/configuration/idempotency.md" />
    <File Path="docs/guides/configuration/interactions.md" />
    <File Path="docs/guides/configuration/invocation.md" />
    <File Path="docs/guides/configuration/logging.md" />
    <File Path="docs/guides/configuration/queue-durability.md" />
    <File Path="docs/guides/configuration/recurrence.md" />
    <File Path="docs/guides/configuration/retention.md" />
    <File Path="docs/guides/configuration/start.md" />
    <File Path="docs/guides/configuration/system-settings.md" />
    <File Path="docs/guides/configuration/transient-retry.md" />
  </Folder>
  <Project Path="src/Workable.Abstractions/Workable.Abstractions.csproj" />
  <Project Path="src/Workable.AspNetCore/Workable.AspNetCore.csproj" />
  <Project Path="src/Workable.Entra/Workable.Entra.csproj" />
  <Project Path="src/Workable.HttpApi/Workable.HttpApi.csproj" />
  <Project Path="src/Workable.Mcp/Workable.Mcp.csproj" />
  <Project Path="src/Workable.Sdk/Workable.Sdk.csproj" />
  <Project Path="src/Workable.SignalR/Workable.SignalR.csproj" />
  <Project Path="src/Workable.Views/Workable.Views.csproj" />
  <Project Path="src/Workable/Workable.csproj" />
</Solution>
